// !$*UTF8*$!
{
	archiveVersion = 1;
	classes = {
	};
	objectVersion = 46;
	objects = {

/* Begin PBXBuildFile section */
		FBA6E00F1E6E9FC8003D3151 /* Student.m in Sources */ = {isa = PBXBuildFile; fileRef = FBA6E00E1E6E9FC8003D3151 /* Student.m */; };
		FBA6E0121E6EB03B003D3151 /* MapViewController.m in Sources */ = {isa = PBXBuildFile; fileRef = FBA6E0111E6EB03B003D3151 /* MapViewController.m */; };
		FBFCDEA81E6944FC0046F56C /* main.m in Sources */ = {isa = PBXBuildFile; fileRef = FBFCDEA71E6944FC0046F56C /* main.m */; };
		FBFCDEAB1E6944FC0046F56C /* AppDelegate.m in Sources */ = {isa = PBXBuildFile; fileRef = FBFCDEAA1E6944FC0046F56C /* AppDelegate.m */; };
		FBFCDEB11E6944FC0046F56C /* Main.storyboard in Resources */ = {isa = PBXBuildFile; fileRef = FBFCDEAF1E6944FC0046F56C /* Main.storyboard */; };
		FBFCDEB31E6944FC0046F56C /* Assets.xcassets in Resources */ = {isa = PBXBuildFile; fileRef = FBFCDEB21E6944FC0046F56C /* Assets.xcassets */; };
		FBFCDEB61E6944FC0046F56C /* LaunchScreen.storyboard in Resources */ = {isa = PBXBuildFile; fileRef = FBFCDEB41E6944FC0046F56C /* LaunchScreen.storyboard */; };
		FBFCDEBF1E69458A0046F56C /* MapKit.framework in Frameworks */ = {isa = PBXBuildFile; fileRef = FBFCDEBE1E69458A0046F56C /* MapKit.framework */; };
/* End PBXBuildFile section */

/* Begin PBXFileReference section */
		FBA6E00D1E6E9FC8003D3151 /* Student.h */ = {isa = PBXFileReference; fileEncoding = 4; lastKnownFileType = sourcecode.c.h; path = Student.h; sourceTree = "<group>"; };
		FBA6E00E1E6E9FC8003D3151 /* Student.m */ = {isa = PBXFileReference; fileEncoding = 4; lastKnownFileType = sourcecode.c.objc; path = Student.m; sourceTree = "<group>"; };
		FBA6E0101E6EB03B003D3151 /* MapViewController.h */ = {isa = PBXFileReference; fileEncoding = 4; lastKnownFileType = sourcecode.c.h; path = MapViewController.h; sourceTree = "<group>"; };
		FBA6E0111E6EB03B003D3151 /* MapViewController.m */ = {isa = PBXFileReference; fileEncoding = 4; lastKnownFileType = sourcecode.c.objc; path = MapViewController.m; sourceTree = "<group>"; };
		FBFCDEA31E6944FC0046F56C /* DZ37-38 MapView.app */ = {isa = PBXFileReference; explicitFileType = wrapper.application; includeInIndex = 0; path = "DZ37-38 MapView.app"; sourceTree = BUILT_PRODUCTS_DIR; };
		FBFCDEA71E6944FC0046F56C /* main.m */ = {isa = PBXFileReference; lastKnownFileType = sourcecode.c.objc; path = main.m; sourceTree = "<group>"; };
		FBFCDEA91E6944FC0046F56C /* AppDelegate.h */ = {isa = PBXFileReference; lastKnownFileType = sourcecode.c.h; path = AppDelegate.h; sourceTree = "<group>"; };
		FBFCDEAA1E6944FC0046F56C /* AppDelegate.m */ = {isa = PBXFileReference; lastKnownFileType = sourcecode.c.objc; path = AppDelegate.m; sourceTree = "<group>"; };
		FBFCDEB01E6944FC0046F56C /* Base */ = {isa = PBXFileReference; lastKnownFileType = file.storyboard; name = Base; path = Base.lproj/Main.storyboard; sourceTree = "<group>"; };
		FBFCDEB21E6944FC0046F56C /* Assets.xcassets */ = {isa = PBXFileReference; lastKnownFileType = folder.assetcatalog; path = Assets.xcassets; sourceTree = "<group>"; };
		FBFCDEB51E6944FC0046F56C /* Base */ = {isa = PBXFileReference; lastKnownFileType = file.storyboard; name = Base; path = Base.lproj/LaunchScreen.storyboard; sourceTree = "<group>"; };
		FBFCDEB71E6944FC0046F56C /* Info.plist */ = {isa = PBXFileReference; lastKnownFileType = text.plist.xml; path = Info.plist; sourceTree = "<group>"; };
		FBFCDEBE1E69458A0046F56C /* MapKit.framework */ = {isa = PBXFileReference; lastKnownFileType = wrapper.framework; name = MapKit.framework; path = System/Library/Frameworks/MapKit.framework; sourceTree = SDKROOT; };
/* End PBXFileReference section */

/* Begin PBXFrameworksBuildPhase section */
		FBFCDEA01E6944FC0046F56C /* Frameworks */ = {
			isa = PBXFrameworksBuildPhase;
			buildActionMask = 2147483647;
			files = (
				FBFCDEBF1E69458A0046F56C /* MapKit.framework in Frameworks */,
			);
			runOnlyForDeploymentPostprocessing = 0;
		};
/* End PBXFrameworksBuildPhase section */

/* Begin PBXGroup section */
		FBFCDE9A1E6944FC0046F56C = {
			isa = PBXGroup;
			children = (
				FBFCDEA51E6944FC0046F56C /* DZ37-38 MapView */,
				FBFCDEA41E6944FC0046F56C /* Products */,
				FBFCDEBD1E6945890046F56C /* Frameworks */,
			);
			sourceTree = "<group>";
		};
		FBFCDEA41E6944FC0046F56C /* Products */ = {
			isa = PBXGroup;
			children = (
				FBFCDEA31E6944FC0046F56C /* DZ37-38 MapView.app */,
			);
			name = Products;
			sourceTree = "<group>";
		};
		FBFCDEA51E6944FC0046F56C /* DZ37-38 MapView */ = {
			isa = PBXGroup;
			children = (
				FBFCDEA91E6944FC0046F56C /* AppDelegate.h */,
				FBFCDEAA1E6944FC0046F56C /* AppDelegate.m */,
				FBA6E00D1E6E9FC8003D3151 /* Student.h */,
				FBA6E00E1E6E9FC8003D3151 /* Student.m */,
				FBA6E0101E6EB03B003D3151 /* MapViewController.h */,
				FBA6E0111E6EB03B003D3151 /* MapViewController.m */,
				FBFCDEAF1E6944FC0046F56C /* Main.storyboard */,
				FBFCDEB21E6944FC0046F56C /* Assets.xcassets */,
				FBFCDEB41E6944FC0046F56C /* LaunchScreen.storyboard */,
				FBFCDEB71E6944FC0046F56C /* Info.plist */,
				FBFCDEA61E6944FC0046F56C /* Supporting Files */,
			);
			path = "DZ37-38 MapView";
			sourceTree = "<group>";
		};
		FBFCDEA61E6944FC0046F56C /* Supporting Files */ = {
			isa = PBXGroup;
			children = (
				FBFCDEA71E6944FC0046F56C /* main.m */,
			);
			name = "Supporting Files";
			sourceTree = "<group>";
		};
		FBFCDEBD1E6945890046F56C /* Frameworks */ = {
			isa = PBXGroup;
			children = (
				FBFCDEBE1E69458A0046F56C /* MapKit.framework */,
			);
			name = Frameworks;
			sourceTree = "<group>";
		};
/* End PBXGroup section */

/* Begin PBXNativeTarget section */
		FBFCDEA21E6944FC0046F56C /* DZ37-38 MapView */ = {
			isa = PBXNativeTarget;
			buildConfigurationList = FBFCDEBA1E6944FC0046F56C /* Build configuration list for PBXNativeTarget "DZ37-38 MapView" */;
			buildPhases = (
				FBFCDE9F1E6944FC0046F56C /* Sources */,
				FBFCDEA01E6944FC0046F56C /* Frameworks */,
				FBFCDEA11E6944FC0046F56C /* Resources */,
			);
			buildRules = (
			);
			dependencies = (
			);
			name = "DZ37-38 MapView";
			productName = "DZ37-38 MapView";
			productReference = FBFCDEA31E6944FC0046F56C /* DZ37-38 MapView.app */;
			productType = "com.apple.product-type.application";
		};
/* End PBXNativeTarget section */

/* Begin PBXProject section */
		FBFCDE9B1E6944FC0046F56C /* Project object */ = {
			isa = PBXProject;
			attributes = {
				LastUpgradeCheck = 0820;
				ORGANIZATIONNAME = "Vasilii Burenkov";
				TargetAttributes = {
					FBFCDEA21E6944FC0046F56C = {
						CreatedOnToolsVersion = 8.2;
						ProvisioningStyle = Automatic;
					};
				};
			};
			buildConfigurationList = FBFCDE9E1E6944FC0046F56C /* Build configuration list for PBXProject "DZ37-38 MapView" */;
			compatibilityVersion = "Xcode 3.2";
			developmentRegion = English;
			hasScannedForEncodings = 0;
			knownRegions = (
				en,
				Base,
			);
			mainGroup = FBFCDE9A1E6944FC0046F56C;
			productRefGroup = FBFCDEA41E6944FC0046F56C /* Products */;
			projectDirPath = "";
			projectRoot = "";
			targets = (
				FBFCDEA21E6944FC0046F56C /* DZ37-38 MapView */,
			);
		};
/* End PBXProject section */

/* Begin PBXResourcesBuildPhase section */
		FBFCDEA11E6944FC0046F56C /* Resources */ = {
			isa = PBXResourcesBuildPhase;
			buildActionMask = 2147483647;
			files = (
				FBFCDEB61E6944FC0046F56C /* LaunchScreen.storyboard in Resources */,
				FBFCDEB31E6944FC0046F56C /* Assets.xcassets in Resources */,
				FBFCDEB11E6944FC0046F56C /* Main.storyboard in Resources */,
			);
			runOnlyForDeploymentPostprocessing = 0;
		};
/* End PBXResourcesBuildPhase section */

/* Begin PBXSourcesBuildPhase section */
		FBFCDE9F1E6944FC0046F56C /* Sources */ = {
			isa = PBXSourcesBuildPhase;
			buildActionMask = 2147483647;
			files = (
				FBFCDEAB1E6944FC0046F56C /* AppDelegate.m in Sources */,
				FBA6E0121E6EB03B003D3151 /* MapViewController.m in Sources */,
				FBFCDEA81E6944FC0046F56C /* main.m in Sources */,
				FBA6E00F1E6E9FC8003D3151 /* Student.m in Sources */,
			);
			runOnlyForDeploymentPostprocessing = 0;
		};
/* End PBXSourcesBuildPhase section */

/* Begin PBXVariantGroup section */
		FBFCDEAF1E6944FC0046F56C /* Main.storyboard */ = {
			isa = PBXVariantGroup;
			children = (
				FBFCDEB01E6944FC0046F56C /* Base */,
			);
			name = Main.storyboard;
			sourceTree = "<group>";
		};
		FBFCDEB41E6944FC0046F56C /* LaunchScreen.storyboard */ = {
			isa = PBXVariantGroup;
			children = (
				FBFCDEB51E6944FC0046F56C /* Base */,
			);
			name = LaunchScreen.storyboard;
			sourceTree = "<group>";
		};
/* End PBXVariantGroup section */

/* Begin XCBuildConfiguration section */
		FBFCDEB81E6944FC0046F56C /* Debug */ = {
			isa = XCBuildConfiguration;
			buildSettings = {
				ALWAYS_SEARCH_USER_PATHS = NO;
				CLANG_ANALYZER_NONNULL = YES;
				CLANG_CXX_LANGUAGE_STANDARD = "gnu++0x";
				CLANG_CXX_LIBRARY = "libc++";
				CLANG_ENABLE_MODULES = YES;
				CLANG_ENABLE_OBJC_ARC = YES;
				CLANG_WARN_BOOL_CONVERSION = YES;
				CLANG_WARN_CONSTANT_CONVERSION = YES;
				CLANG_WARN_DIRECT_OBJC_ISA_USAGE = YES_ERROR;
				CLANG_WARN_DOCUMENTATION_COMMENTS = YES;
				CLANG_WARN_EMPTY_BODY = YES;
				CLANG_WARN_ENUM_CONVERSION = YES;
				CLANG_WARN_INFINITE_RECURSION = YES;
				CLANG_WARN_INT_CONVERSION = YES;
				CLANG_WARN_OBJC_ROOT_CLASS = YES_ERROR;
				CLANG_WARN_SUSPICIOUS_MOVE = YES;
				CLANG_WARN_UNREACHABLE_CODE = YES;
				CLANG_WARN__DUPLICATE_METHOD_MATCH = YES;
				"CODE_SIGN_IDENTITY[sdk=iphoneos*]" = "iPhone Developer";
				COPY_PHASE_STRIP = NO;
				DEBUG_INFORMATION_FORMAT = dwarf;
				ENABLE_STRICT_OBJC_MSGSEND = YES;
				ENABLE_TESTABILITY = YES;
				GCC_C_LANGUAGE_STANDARD = gnu99;
				GCC_DYNAMIC_NO_PIC = NO;
				GCC_NO_COMMON_BLOCKS = YES;
				GCC_OPTIMIZATION_LEVEL = 0;
				GCC_PREPROCESSOR_DEFINITIONS = (
					"DEBUG=1",
					"$(inherited)",
				);
				GCC_WARN_64_TO_32_BIT_CONVERSION = YES;
				GCC_WARN_ABOUT_RETURN_TYPE = YES_ERROR;
				GCC_WARN_UNDECLARED_SELECTOR = YES;
				GCC_WARN_UNINITIALIZED_AUTOS = YES_AGGRESSIVE;
				GCC_WARN_UNUSED_FUNCTION = YES;
				GCC_WARN_UNUSED_VARIABLE = YES;
				IPHONEOS_DEPLOYMENT_TARGET = 10.2;
				MTL_ENABLE_DEBUG_INFO = YES;
				ONLY_ACTIVE_ARCH = YES;
				SDKROOT = iphoneos;
				TARGETED_DEVICE_FAMILY = "1,2";
			};
			name = Debug;
		};
		FBFCDEB91E6944FC0046F56C /* Release */ = {
			isa = XCBuildConfiguration;
			buildSettings = {
				ALWAYS_SEARCH_USER_PATHS = NO;
				CLANG_ANALYZER_NONNULL = YES;
				CLANG_CXX_LANGUAGE_STANDARD = "gnu++0x";
				CLANG_CXX_LIBRARY = "libc++";
				CLANG_ENABLE_MODULES = YES;
				CLANG_ENABLE_OBJC_ARC = YES;
				CLANG_WARN_BOOL_CONVERSION = YES;
				CLANG_WARN_CONSTANT_CONVERSION = YES;
				CLANG_WARN_DIRECT_OBJC_ISA_USAGE = YES_ERROR;
				CLANG_WARN_DOCUMENTATION_COMMENTS = YES;
				CLANG_WARN_EMPTY_BODY = YES;
				CLANG_WARN_ENUM_CONVERSION = YES;
				CLANG_WARN_INFINITE_RECURSION = YES;
				CLANG_WARN_INT_CONVERSION = YES;
				CLANG_WARN_OBJC_ROOT_CLASS = YES_ERROR;
				CLANG_WARN_SUSPICIOUS_MOVE = YES;
				CLANG_WARN_UNREACHABLE_CODE = YES;
				CLANG_WARN__DUPLICATE_METHOD_MATCH = YES;
				"CODE_SIGN_IDENTITY[sdk=iphoneos*]" = "iPhone Developer";
				COPY_PHASE_STRIP = NO;
				DEBUG_INFORMATION_FORMAT = "dwarf-with-dsym";
				ENABLE_NS_ASSERTIONS = NO;
				ENABLE_STRICT_OBJC_MSGSEND = YES;
				GCC_C_LANGUAGE_STANDARD = gnu99;
				GCC_NO_COMMON_BLOCKS = YES;
				GCC_WARN_64_TO_32_BIT_CONVERSION = YES;
				GCC_WARN_ABOUT_RETURN_TYPE = YES_ERROR;
				GCC_WARN_UNDECLARED_SELECTOR = YES;
				GCC_WARN_UNINITIALIZED_AUTOS = YES_AGGRESSIVE;
				GCC_WARN_UNUSED_FUNCTION = YES;
				GCC_WARN_UNUSED_VARIABLE = YES;
				IPHONEOS_DEPLOYMENT_TARGET = 10.2;
				MTL_ENABLE_DEBUG_INFO = NO;
				SDKROOT = iphoneos;
				TARGETED_DEVICE_FAMILY = "1,2";
				VALIDATE_PRODUCT = YES;
			};
			name = Release;
		};
		FBFCDEBB1E6944FC0046F56C /* Debug */ = {
			isa = XCBuildConfiguration;
			buildSettings = {
				ASSETCATALOG_COMPILER_APPICON_NAME = AppIcon;
				INFOPLIST_FILE = "DZ37-38 MapView/Info.plist";
				LD_RUNPATH_SEARCH_PATHS = "$(inherited) @executable_path/Frameworks";
				PRODUCT_BUNDLE_IDENTIFIER = "com.burenkov.DZ37-38-MapView";
				PRODUCT_NAME = "$(TARGET_NAME)";
			};
			name = Debug;
		};
		FBFCDEBC1E6944FC0046F56C /* Release */ = {
			isa = XCBuildConfiguration;
			buildSettings = {
				ASSETCATALOG_COMPILER_APPICON_NAME = AppIcon;
				INFOPLIST_FILE = "DZ37-38 MapView/Info.plist";
				LD_RUNPATH_SEARCH_PATHS = "$(inherited) @executable_path/Frameworks";
				PRODUCT_BUNDLE_IDENTIFIER = "com.burenkov.DZ37-38-MapView";
				PRODUCT_NAME = "$(TARGET_NAME)";
			};
			name = Release;
		};
/* End XCBuildConfiguration section */

/* Begin XCConfigurationList section */
		FBFCDE9E1E6944FC0046F56C /* Build configuration list for PBXProject "DZ37-38 MapView" */ = {
			isa = XCConfigurationList;
			buildConfigurations = (
				FBFCDEB81E6944FC0046F56C /* Debug */,
				FBFCDEB91E6944FC0046F56C /* Release */,
			);
			defaultConfigurationIsVisible = 0;
			defaultConfigurationName = Release;
		};
		FBFCDEBA1E6944FC0046F56C /* Build configuration list for PBXNativeTarget "DZ37-38 MapView" */ = {
			isa = XCConfigurationList;
			buildConfigurations = (
				FBFCDEBB1E6944FC0046F56C /* Debug */,
				FBFCDEBC1E6944FC0046F56C /* Release */,
			);
			defaultConfigurationIsVisible = 0;
			defaultConfigurationName = Release;
		};
/* End XCConfigurationList section */
	};
	rootObject = FBFCDE9B1E6944FC0046F56C /* Project object */;
}
